// !$*UTF8*$!
{
	archiveVersion = 1;
	classes = {
	};
	objectVersion = 56;
	objects = {

/* Begin PBXBuildFile section */
		BA6F109C2BBB1BA400E03AEF /* AppDelegate.swift in Sources */ = {isa = PBXBuildFile; fileRef = BA6F109B2BBB1BA400E03AEF /* AppDelegate.swift */; };
		BA6F109E2BBB1BA400E03AEF /* SceneDelegate.swift in Sources */ = {isa = PBXBuildFile; fileRef = BA6F109D2BBB1BA400E03AEF /* SceneDelegate.swift */; };
		BA6F10A02BBB1BA400E03AEF /* CalculatorVC.swift in Sources */ = {isa = PBXBuildFile; fileRef = BA6F109F2BBB1BA400E03AEF /* CalculatorVC.swift */; };
		BA6F10A52BBB1BA600E03AEF /* Assets.xcassets in Resources */ = {isa = PBXBuildFile; fileRef = BA6F10A42BBB1BA600E03AEF /* Assets.xcassets */; };
		BA6F10A82BBB1BA600E03AEF /* Base in Resources */ = {isa = PBXBuildFile; fileRef = BA6F10A72BBB1BA600E03AEF /* Base */; };
		BA6F10B32BBB1BA600E03AEF /* TipCalculatorTests.swift in Sources */ = {isa = PBXBuildFile; fileRef = BA6F10B22BBB1BA600E03AEF /* TipCalculatorTests.swift */; };
		BA6F10BD2BBB1BA600E03AEF /* TipCalculatorUITests.swift in Sources */ = {isa = PBXBuildFile; fileRef = BA6F10BC2BBB1BA600E03AEF /* TipCalculatorUITests.swift */; };
		BA6F10BF2BBB1BA600E03AEF /* TipCalculatorUITestsLaunchTests.swift in Sources */ = {isa = PBXBuildFile; fileRef = BA6F10BE2BBB1BA600E03AEF /* TipCalculatorUITestsLaunchTests.swift */; };
		BA6F10CD2BBB1D8800E03AEF /* CombineCocoa in Frameworks */ = {isa = PBXBuildFile; productRef = BA6F10CC2BBB1D8800E03AEF /* CombineCocoa */; };
		BA6F10D02BBB1E4800E03AEF /* SnapKit in Frameworks */ = {isa = PBXBuildFile; productRef = BA6F10CF2BBB1E4800E03AEF /* SnapKit */; };
		BA6F10D32BBB1E9300E03AEF /* CombineCocoa in Frameworks */ = {isa = PBXBuildFile; productRef = BA6F10D22BBB1E9300E03AEF /* CombineCocoa */; };
		BA6F10D62BBB1F2900E03AEF /* SnapshotTesting in Frameworks */ = {isa = PBXBuildFile; productRef = BA6F10D52BBB1F2900E03AEF /* SnapshotTesting */; };
		BA6F10D82BBB1F4800E03AEF /* CombineCocoa in Frameworks */ = {isa = PBXBuildFile; productRef = BA6F10D72BBB1F4800E03AEF /* CombineCocoa */; };
		BA6F10DB2BBC5D4200E03AEF /* LogoView.swift in Sources */ = {isa = PBXBuildFile; fileRef = BA6F10DA2BBC5D4200E03AEF /* LogoView.swift */; };
		BA6F10DD2BBC60E800E03AEF /* ResultView.swift in Sources */ = {isa = PBXBuildFile; fileRef = BA6F10DC2BBC60E800E03AEF /* ResultView.swift */; };
		BA6F10DF2BBC610E00E03AEF /* BillInputView.swift in Sources */ = {isa = PBXBuildFile; fileRef = BA6F10DE2BBC610E00E03AEF /* BillInputView.swift */; };
		BA6F10E12BBC613300E03AEF /* TipInputView.swift in Sources */ = {isa = PBXBuildFile; fileRef = BA6F10E02BBC613300E03AEF /* TipInputView.swift */; };
		BA6F10E32BBC616A00E03AEF /* SplitInputView.swift in Sources */ = {isa = PBXBuildFile; fileRef = BA6F10E22BBC616A00E03AEF /* SplitInputView.swift */; };
		BA6F10E62BBC6E4800E03AEF /* ThemeColor.swift in Sources */ = {isa = PBXBuildFile; fileRef = BA6F10E52BBC6E4800E03AEF /* ThemeColor.swift */; };
		BA6F10E82BBC6E5300E03AEF /* ThemeFont.swift in Sources */ = {isa = PBXBuildFile; fileRef = BA6F10E72BBC6E5300E03AEF /* ThemeFont.swift */; };
		BA6F10EB2BBC6EA800E03AEF /* UIColor+Extension.swift in Sources */ = {isa = PBXBuildFile; fileRef = BA6F10EA2BBC6EA800E03AEF /* UIColor+Extension.swift */; };
		BA6F10EE2BBD887B00E03AEF /* LabelFactory.swift in Sources */ = {isa = PBXBuildFile; fileRef = BA6F10ED2BBD887B00E03AEF /* LabelFactory.swift */; };
		BA6F10F02BBD920700E03AEF /* UIView+Extension.swift in Sources */ = {isa = PBXBuildFile; fileRef = BA6F10EF2BBD920700E03AEF /* UIView+Extension.swift */; };
		BA6F10F22BBDB5EE00E03AEF /* HeaderView.swift in Sources */ = {isa = PBXBuildFile; fileRef = BA6F10F12BBDB5EE00E03AEF /* HeaderView.swift */; };
		BAD5DA362BC04B8600400EFB /* CalculatorVM.swift in Sources */ = {isa = PBXBuildFile; fileRef = BAD5DA352BC04B8600400EFB /* CalculatorVM.swift */; };
		BAD5DA392BC04CD900400EFB /* Tip.swift in Sources */ = {isa = PBXBuildFile; fileRef = BAD5DA382BC04CD900400EFB /* Tip.swift */; };
		BAD5DA3B2BC04D3400400EFB /* BillOutput.swift in Sources */ = {isa = PBXBuildFile; fileRef = BAD5DA3A2BC04D3400400EFB /* BillOutput.swift */; };
/* End PBXBuildFile section */

/* Begin PBXContainerItemProxy section */
		BA6F10AF2BBB1BA600E03AEF /* PBXContainerItemProxy */ = {
			isa = PBXContainerItemProxy;
			containerPortal = BA6F10902BBB1BA400E03AEF /* Project object */;
			proxyType = 1;
			remoteGlobalIDString = BA6F10972BBB1BA400E03AEF;
			remoteInfo = TipCalculator;
		};
		BA6F10B92BBB1BA600E03AEF /* PBXContainerItemProxy */ = {
			isa = PBXContainerItemProxy;
			containerPortal = BA6F10902BBB1BA400E03AEF /* Project object */;
			proxyType = 1;
			remoteGlobalIDString = BA6F10972BBB1BA400E03AEF;
			remoteInfo = TipCalculator;
		};
/* End PBXContainerItemProxy section */

/* Begin PBXFileReference section */
		BA6F10982BBB1BA400E03AEF /* TipCalculator.app */ = {isa = PBXFileReference; explicitFileType = wrapper.application; includeInIndex = 0; path = TipCalculator.app; sourceTree = BUILT_PRODUCTS_DIR; };
		BA6F109B2BBB1BA400E03AEF /* AppDelegate.swift */ = {isa = PBXFileReference; lastKnownFileType = sourcecode.swift; path = AppDelegate.swift; sourceTree = "<group>"; };
		BA6F109D2BBB1BA400E03AEF /* SceneDelegate.swift */ = {isa = PBXFileReference; lastKnownFileType = sourcecode.swift; path = SceneDelegate.swift; sourceTree = "<group>"; };
		BA6F109F2BBB1BA400E03AEF /* CalculatorVC.swift */ = {isa = PBXFileReference; lastKnownFileType = sourcecode.swift; path = CalculatorVC.swift; sourceTree = "<group>"; };
		BA6F10A42BBB1BA600E03AEF /* Assets.xcassets */ = {isa = PBXFileReference; lastKnownFileType = folder.assetcatalog; path = Assets.xcassets; sourceTree = "<group>"; };
		BA6F10A72BBB1BA600E03AEF /* Base */ = {isa = PBXFileReference; lastKnownFileType = file.storyboard; name = Base; path = Base.lproj/LaunchScreen.storyboard; sourceTree = "<group>"; };
		BA6F10A92BBB1BA600E03AEF /* Info.plist */ = {isa = PBXFileReference; lastKnownFileType = text.plist.xml; path = Info.plist; sourceTree = "<group>"; };
		BA6F10AE2BBB1BA600E03AEF /* TipCalculatorTests.xctest */ = {isa = PBXFileReference; explicitFileType = wrapper.cfbundle; includeInIndex = 0; path = TipCalculatorTests.xctest; sourceTree = BUILT_PRODUCTS_DIR; };
		BA6F10B22BBB1BA600E03AEF /* TipCalculatorTests.swift */ = {isa = PBXFileReference; lastKnownFileType = sourcecode.swift; path = TipCalculatorTests.swift; sourceTree = "<group>"; };
		BA6F10B82BBB1BA600E03AEF /* TipCalculatorUITests.xctest */ = {isa = PBXFileReference; explicitFileType = wrapper.cfbundle; includeInIndex = 0; path = TipCalculatorUITests.xctest; sourceTree = BUILT_PRODUCTS_DIR; };
		BA6F10BC2BBB1BA600E03AEF /* TipCalculatorUITests.swift */ = {isa = PBXFileReference; lastKnownFileType = sourcecode.swift; path = TipCalculatorUITests.swift; sourceTree = "<group>"; };
		BA6F10BE2BBB1BA600E03AEF /* TipCalculatorUITestsLaunchTests.swift */ = {isa = PBXFileReference; lastKnownFileType = sourcecode.swift; path = TipCalculatorUITestsLaunchTests.swift; sourceTree = "<group>"; };
		BA6F10DA2BBC5D4200E03AEF /* LogoView.swift */ = {isa = PBXFileReference; lastKnownFileType = sourcecode.swift; path = LogoView.swift; sourceTree = "<group>"; };
		BA6F10DC2BBC60E800E03AEF /* ResultView.swift */ = {isa = PBXFileReference; lastKnownFileType = sourcecode.swift; path = ResultView.swift; sourceTree = "<group>"; };
		BA6F10DE2BBC610E00E03AEF /* BillInputView.swift */ = {isa = PBXFileReference; lastKnownFileType = sourcecode.swift; path = BillInputView.swift; sourceTree = "<group>"; };
		BA6F10E02BBC613300E03AEF /* TipInputView.swift */ = {isa = PBXFileReference; lastKnownFileType = sourcecode.swift; path = TipInputView.swift; sourceTree = "<group>"; };
		BA6F10E22BBC616A00E03AEF /* SplitInputView.swift */ = {isa = PBXFileReference; lastKnownFileType = sourcecode.swift; path = SplitInputView.swift; sourceTree = "<group>"; };
		BA6F10E52BBC6E4800E03AEF /* ThemeColor.swift */ = {isa = PBXFileReference; lastKnownFileType = sourcecode.swift; path = ThemeColor.swift; sourceTree = "<group>"; };
		BA6F10E72BBC6E5300E03AEF /* ThemeFont.swift */ = {isa = PBXFileReference; lastKnownFileType = sourcecode.swift; path = ThemeFont.swift; sourceTree = "<group>"; };
		BA6F10EA2BBC6EA800E03AEF /* UIColor+Extension.swift */ = {isa = PBXFileReference; lastKnownFileType = sourcecode.swift; path = "UIColor+Extension.swift"; sourceTree = "<group>"; };
		BA6F10ED2BBD887B00E03AEF /* LabelFactory.swift */ = {isa = PBXFileReference; lastKnownFileType = sourcecode.swift; path = LabelFactory.swift; sourceTree = "<group>"; };
		BA6F10EF2BBD920700E03AEF /* UIView+Extension.swift */ = {isa = PBXFileReference; lastKnownFileType = sourcecode.swift; path = "UIView+Extension.swift"; sourceTree = "<group>"; };
		BA6F10F12BBDB5EE00E03AEF /* HeaderView.swift */ = {isa = PBXFileReference; lastKnownFileType = sourcecode.swift; path = HeaderView.swift; sourceTree = "<group>"; };
		BAD5DA352BC04B8600400EFB /* CalculatorVM.swift */ = {isa = PBXFileReference; lastKnownFileType = sourcecode.swift; path = CalculatorVM.swift; sourceTree = "<group>"; };
		BAD5DA382BC04CD900400EFB /* Tip.swift */ = {isa = PBXFileReference; lastKnownFileType = sourcecode.swift; path = Tip.swift; sourceTree = "<group>"; };
		BAD5DA3A2BC04D3400400EFB /* BillOutput.swift */ = {isa = PBXFileReference; lastKnownFileType = sourcecode.swift; path = BillOutput.swift; sourceTree = "<group>"; };
/* End PBXFileReference section */

/* Begin PBXFrameworksBuildPhase section */
		BA6F10952BBB1BA400E03AEF /* Frameworks */ = {
			isa = PBXFrameworksBuildPhase;
			buildActionMask = 2147483647;
			files = (
				BA6F10CD2BBB1D8800E03AEF /* CombineCocoa in Frameworks */,
				BA6F10D02BBB1E4800E03AEF /* SnapKit in Frameworks */,
			);
			runOnlyForDeploymentPostprocessing = 0;
		};
		BA6F10AB2BBB1BA600E03AEF /* Frameworks */ = {
			isa = PBXFrameworksBuildPhase;
			buildActionMask = 2147483647;
			files = (
				BA6F10D32BBB1E9300E03AEF /* CombineCocoa in Frameworks */,
				BA6F10D62BBB1F2900E03AEF /* SnapshotTesting in Frameworks */,
			);
			runOnlyForDeploymentPostprocessing = 0;
		};
		BA6F10B52BBB1BA600E03AEF /* Frameworks */ = {
			isa = PBXFrameworksBuildPhase;
			buildActionMask = 2147483647;
			files = (
				BA6F10D82BBB1F4800E03AEF /* CombineCocoa in Frameworks */,
			);
			runOnlyForDeploymentPostprocessing = 0;
		};
/* End PBXFrameworksBuildPhase section */

/* Begin PBXGroup section */
		BA6F108F2BBB1BA400E03AEF = {
			isa = PBXGroup;
			children = (
				BA6F109A2BBB1BA400E03AEF /* TipCalculator */,
				BA6F10B12BBB1BA600E03AEF /* TipCalculatorTests */,
				BA6F10BB2BBB1BA600E03AEF /* TipCalculatorUITests */,
				BA6F10992BBB1BA400E03AEF /* Products */,
				BA6F10D12BBB1E9300E03AEF /* Frameworks */,
			);
			sourceTree = "<group>";
		};
		BA6F10992BBB1BA400E03AEF /* Products */ = {
			isa = PBXGroup;
			children = (
				BA6F10982BBB1BA400E03AEF /* TipCalculator.app */,
				BA6F10AE2BBB1BA600E03AEF /* TipCalculatorTests.xctest */,
				BA6F10B82BBB1BA600E03AEF /* TipCalculatorUITests.xctest */,
			);
			name = Products;
			sourceTree = "<group>";
		};
		BA6F109A2BBB1BA400E03AEF /* TipCalculator */ = {
			isa = PBXGroup;
			children = (
				BAD5DA372BC04CCE00400EFB /* Model */,
				BAD5DA342BC04B7000400EFB /* ViewModel */,
				BA6F10EC2BBD886A00E03AEF /* Factory */,
				BA6F10E92BBC6E8200E03AEF /* Extension */,
				BA6F10E42BBC6E3900E03AEF /* Config */,
				BA6F10D92BBC5D3400E03AEF /* View */,
				BA6F109B2BBB1BA400E03AEF /* AppDelegate.swift */,
				BA6F109D2BBB1BA400E03AEF /* SceneDelegate.swift */,
				BA6F109F2BBB1BA400E03AEF /* CalculatorVC.swift */,
				BA6F10A42BBB1BA600E03AEF /* Assets.xcassets */,
				BA6F10A62BBB1BA600E03AEF /* LaunchScreen.storyboard */,
				BA6F10A92BBB1BA600E03AEF /* Info.plist */,
			);
			path = TipCalculator;
			sourceTree = "<group>";
		};
		BA6F10B12BBB1BA600E03AEF /* TipCalculatorTests */ = {
			isa = PBXGroup;
			children = (
				BA6F10B22BBB1BA600E03AEF /* TipCalculatorTests.swift */,
			);
			path = TipCalculatorTests;
			sourceTree = "<group>";
		};
		BA6F10BB2BBB1BA600E03AEF /* TipCalculatorUITests */ = {
			isa = PBXGroup;
			children = (
				BA6F10BC2BBB1BA600E03AEF /* TipCalculatorUITests.swift */,
				BA6F10BE2BBB1BA600E03AEF /* TipCalculatorUITestsLaunchTests.swift */,
			);
			path = TipCalculatorUITests;
			sourceTree = "<group>";
		};
		BA6F10D12BBB1E9300E03AEF /* Frameworks */ = {
			isa = PBXGroup;
			children = (
			);
			name = Frameworks;
			sourceTree = "<group>";
		};
		BA6F10D92BBC5D3400E03AEF /* View */ = {
			isa = PBXGroup;
			children = (
				BA6F10DA2BBC5D4200E03AEF /* LogoView.swift */,
				BA6F10DC2BBC60E800E03AEF /* ResultView.swift */,
				BA6F10DE2BBC610E00E03AEF /* BillInputView.swift */,
				BA6F10E02BBC613300E03AEF /* TipInputView.swift */,
				BA6F10E22BBC616A00E03AEF /* SplitInputView.swift */,
				BA6F10F12BBDB5EE00E03AEF /* HeaderView.swift */,
			);
			path = View;
			sourceTree = "<group>";
		};
		BA6F10E42BBC6E3900E03AEF /* Config */ = {
			isa = PBXGroup;
			children = (
				BA6F10E52BBC6E4800E03AEF /* ThemeColor.swift */,
				BA6F10E72BBC6E5300E03AEF /* ThemeFont.swift */,
			);
			path = Config;
			sourceTree = "<group>";
		};
		BA6F10E92BBC6E8200E03AEF /* Extension */ = {
			isa = PBXGroup;
			children = (
				BA6F10EA2BBC6EA800E03AEF /* UIColor+Extension.swift */,
				BA6F10EF2BBD920700E03AEF /* UIView+Extension.swift */,
			);
			path = Extension;
			sourceTree = "<group>";
		};
		BA6F10EC2BBD886A00E03AEF /* Factory */ = {
			isa = PBXGroup;
			children = (
				BA6F10ED2BBD887B00E03AEF /* LabelFactory.swift */,
			);
			path = Factory;
			sourceTree = "<group>";
		};
		BAD5DA342BC04B7000400EFB /* ViewModel */ = {
			isa = PBXGroup;
			children = (
				BAD5DA352BC04B8600400EFB /* CalculatorVM.swift */,
			);
			path = ViewModel;
			sourceTree = "<group>";
		};
		BAD5DA372BC04CCE00400EFB /* Model */ = {
			isa = PBXGroup;
			children = (
				BAD5DA382BC04CD900400EFB /* Tip.swift */,
				BAD5DA3A2BC04D3400400EFB /* BillOutput.swift */,
			);
			path = Model;
			sourceTree = "<group>";
		};
/* End PBXGroup section */

/* Begin PBXNativeTarget section */
		BA6F10972BBB1BA400E03AEF /* TipCalculator */ = {
			isa = PBXNativeTarget;
			buildConfigurationList = BA6F10C22BBB1BA600E03AEF /* Build configuration list for PBXNativeTarget "TipCalculator" */;
			buildPhases = (
				BA6F10942BBB1BA400E03AEF /* Sources */,
				BA6F10952BBB1BA400E03AEF /* Frameworks */,
				BA6F10962BBB1BA400E03AEF /* Resources */,
			);
			buildRules = (
			);
			dependencies = (
			);
			name = TipCalculator;
			packageProductDependencies = (
				BA6F10CC2BBB1D8800E03AEF /* CombineCocoa */,
				BA6F10CF2BBB1E4800E03AEF /* SnapKit */,
			);
			productName = TipCalculator;
			productReference = BA6F10982BBB1BA400E03AEF /* TipCalculator.app */;
			productType = "com.apple.product-type.application";
		};
		BA6F10AD2BBB1BA600E03AEF /* TipCalculatorTests */ = {
			isa = PBXNativeTarget;
			buildConfigurationList = BA6F10C52BBB1BA600E03AEF /* Build configuration list for PBXNativeTarget "TipCalculatorTests" */;
			buildPhases = (
				BA6F10AA2BBB1BA600E03AEF /* Sources */,
				BA6F10AB2BBB1BA600E03AEF /* Frameworks */,
				BA6F10AC2BBB1BA600E03AEF /* Resources */,
			);
			buildRules = (
			);
			dependencies = (
				BA6F10B02BBB1BA600E03AEF /* PBXTargetDependency */,
			);
			name = TipCalculatorTests;
			packageProductDependencies = (
				BA6F10D22BBB1E9300E03AEF /* CombineCocoa */,
				BA6F10D52BBB1F2900E03AEF /* SnapshotTesting */,
			);
			productName = TipCalculatorTests;
			productReference = BA6F10AE2BBB1BA600E03AEF /* TipCalculatorTests.xctest */;
			productType = "com.apple.product-type.bundle.unit-test";
		};
		BA6F10B72BBB1BA600E03AEF /* TipCalculatorUITests */ = {
			isa = PBXNativeTarget;
			buildConfigurationList = BA6F10C82BBB1BA600E03AEF /* Build configuration list for PBXNativeTarget "TipCalculatorUITests" */;
			buildPhases = (
				BA6F10B42BBB1BA600E03AEF /* Sources */,
				BA6F10B52BBB1BA600E03AEF /* Frameworks */,
				BA6F10B62BBB1BA600E03AEF /* Resources */,
			);
			buildRules = (
			);
			dependencies = (
				BA6F10BA2BBB1BA600E03AEF /* PBXTargetDependency */,
			);
			name = TipCalculatorUITests;
			packageProductDependencies = (
				BA6F10D72BBB1F4800E03AEF /* CombineCocoa */,
			);
			productName = TipCalculatorUITests;
			productReference = BA6F10B82BBB1BA600E03AEF /* TipCalculatorUITests.xctest */;
			productType = "com.apple.product-type.bundle.ui-testing";
		};
/* End PBXNativeTarget section */

/* Begin PBXProject section */
		BA6F10902BBB1BA400E03AEF /* Project object */ = {
			isa = PBXProject;
			attributes = {
				BuildIndependentTargetsInParallel = 1;
				LastSwiftUpdateCheck = 1530;
				LastUpgradeCheck = 1530;
				TargetAttributes = {
					BA6F10972BBB1BA400E03AEF = {
						CreatedOnToolsVersion = 15.3;
					};
					BA6F10AD2BBB1BA600E03AEF = {
						CreatedOnToolsVersion = 15.3;
						TestTargetID = BA6F10972BBB1BA400E03AEF;
					};
					BA6F10B72BBB1BA600E03AEF = {
						CreatedOnToolsVersion = 15.3;
						TestTargetID = BA6F10972BBB1BA400E03AEF;
					};
				};
			};
			buildConfigurationList = BA6F10932BBB1BA400E03AEF /* Build configuration list for PBXProject "TipCalculator" */;
			compatibilityVersion = "Xcode 14.0";
			developmentRegion = en;
			hasScannedForEncodings = 0;
			knownRegions = (
				en,
				Base,
			);
			mainGroup = BA6F108F2BBB1BA400E03AEF;
			packageReferences = (
				BA6F10CB2BBB1D8800E03AEF /* XCRemoteSwiftPackageReference "CombineCocoa" */,
				BA6F10CE2BBB1E4800E03AEF /* XCRemoteSwiftPackageReference "SnapKit" */,
				BA6F10D42BBB1F2900E03AEF /* XCRemoteSwiftPackageReference "swift-snapshot-testing" */,
			);
			productRefGroup = BA6F10992BBB1BA400E03AEF /* Products */;
			projectDirPath = "";
			projectRoot = "";
			targets = (
				BA6F10972BBB1BA400E03AEF /* TipCalculator */,
				BA6F10AD2BBB1BA600E03AEF /* TipCalculatorTests */,
				BA6F10B72BBB1BA600E03AEF /* TipCalculatorUITests */,
			);
		};
/* End PBXProject section */

/* Begin PBXResourcesBuildPhase section */
		BA6F10962BBB1BA400E03AEF /* Resources */ = {
			isa = PBXResourcesBuildPhase;
			buildActionMask = 2147483647;
			files = (
				BA6F10A52BBB1BA600E03AEF /* Assets.xcassets in Resources */,
				BA6F10A82BBB1BA600E03AEF /* Base in Resources */,
			);
			runOnlyForDeploymentPostprocessing = 0;
		};
		BA6F10AC2BBB1BA600E03AEF /* Resources */ = {
			isa = PBXResourcesBuildPhase;
			buildActionMask = 2147483647;
			files = (
			);
			runOnlyForDeploymentPostprocessing = 0;
		};
		BA6F10B62BBB1BA600E03AEF /* Resources */ = {
			isa = PBXResourcesBuildPhase;
			buildActionMask = 2147483647;
			files = (
			);
			runOnlyForDeploymentPostprocessing = 0;
		};
/* End PBXResourcesBuildPhase section */

/* Begin PBXSourcesBuildPhase section */
		BA6F10942BBB1BA400E03AEF /* Sources */ = {
			isa = PBXSourcesBuildPhase;
			buildActionMask = 2147483647;
			files = (
				BA6F10A02BBB1BA400E03AEF /* CalculatorVC.swift in Sources */,
				BAD5DA392BC04CD900400EFB /* Tip.swift in Sources */,
				BA6F10F02BBD920700E03AEF /* UIView+Extension.swift in Sources */,
				BA6F10DB2BBC5D4200E03AEF /* LogoView.swift in Sources */,
				BA6F10E62BBC6E4800E03AEF /* ThemeColor.swift in Sources */,
				BAD5DA362BC04B8600400EFB /* CalculatorVM.swift in Sources */,
				BA6F10EB2BBC6EA800E03AEF /* UIColor+Extension.swift in Sources */,
				BA6F10E82BBC6E5300E03AEF /* ThemeFont.swift in Sources */,
				BA6F10DF2BBC610E00E03AEF /* BillInputView.swift in Sources */,
				BA6F10DD2BBC60E800E03AEF /* ResultView.swift in Sources */,
				BA6F109C2BBB1BA400E03AEF /* AppDelegate.swift in Sources */,
				BA6F109E2BBB1BA400E03AEF /* SceneDelegate.swift in Sources */,
				BA6F10EE2BBD887B00E03AEF /* LabelFactory.swift in Sources */,
				BA6F10E32BBC616A00E03AEF /* SplitInputView.swift in Sources */,
				BAD5DA3B2BC04D3400400EFB /* BillOutput.swift in Sources */,
				BA6F10E12BBC613300E03AEF /* TipInputView.swift in Sources */,
				BA6F10F22BBDB5EE00E03AEF /* HeaderView.swift in Sources */,
			);
			runOnlyForDeploymentPostprocessing = 0;
		};
		BA6F10AA2BBB1BA600E03AEF /* Sources */ = {
			isa = PBXSourcesBuildPhase;
			buildActionMask = 2147483647;
			files = (
				BA6F10B32BBB1BA600E03AEF /* TipCalculatorTests.swift in Sources */,
			);
			runOnlyForDeploymentPostprocessing = 0;
		};
		BA6F10B42BBB1BA600E03AEF /* Sources */ = {
			isa = PBXSourcesBuildPhase;
			buildActionMask = 2147483647;
			files = (
				BA6F10BF2BBB1BA600E03AEF /* TipCalculatorUITestsLaunchTests.swift in Sources */,
				BA6F10BD2BBB1BA600E03AEF /* TipCalculatorUITests.swift in Sources */,
			);
			runOnlyForDeploymentPostprocessing = 0;
		};
/* End PBXSourcesBuildPhase section */

/* Begin PBXTargetDependency section */
		BA6F10B02BBB1BA600E03AEF /* PBXTargetDependency */ = {
			isa = PBXTargetDependency;
			target = BA6F10972BBB1BA400E03AEF /* TipCalculator */;
			targetProxy = BA6F10AF2BBB1BA600E03AEF /* PBXContainerItemProxy */;
		};
		BA6F10BA2BBB1BA600E03AEF /* PBXTargetDependency */ = {
			isa = PBXTargetDependency;
			target = BA6F10972BBB1BA400E03AEF /* TipCalculator */;
			targetProxy = BA6F10B92BBB1BA600E03AEF /* PBXContainerItemProxy */;
		};
/* End PBXTargetDependency section */

/* Begin PBXVariantGroup section */
		BA6F10A62BBB1BA600E03AEF /* LaunchScreen.storyboard */ = {
			isa = PBXVariantGroup;
			children = (
				BA6F10A72BBB1BA600E03AEF /* Base */,
			);
			name = LaunchScreen.storyboard;
			sourceTree = "<group>";
		};
/* End PBXVariantGroup section */

/* Begin XCBuildConfiguration section */
		BA6F10C02BBB1BA600E03AEF /* Debug */ = {
			isa = XCBuildConfiguration;
			buildSettings = {
				ALWAYS_SEARCH_USER_PATHS = NO;
				ASSETCATALOG_COMPILER_GENERATE_SWIFT_ASSET_SYMBOL_EXTENSIONS = YES;
				CLANG_ANALYZER_NONNULL = YES;
				CLANG_ANALYZER_NUMBER_OBJECT_CONVERSION = YES_AGGRESSIVE;
				CLANG_CXX_LANGUAGE_STANDARD = "gnu++20";
				CLANG_ENABLE_MODULES = YES;
				CLANG_ENABLE_OBJC_ARC = YES;
				CLANG_ENABLE_OBJC_WEAK = YES;
				CLANG_WARN_BLOCK_CAPTURE_AUTORELEASING = YES;
				CLANG_WARN_BOOL_CONVERSION = YES;
				CLANG_WARN_COMMA = YES;
				CLANG_WARN_CONSTANT_CONVERSION = YES;
				CLANG_WARN_DEPRECATED_OBJC_IMPLEMENTATIONS = YES;
				CLANG_WARN_DIRECT_OBJC_ISA_USAGE = YES_ERROR;
				CLANG_WARN_DOCUMENTATION_COMMENTS = YES;
				CLANG_WARN_EMPTY_BODY = YES;
				CLANG_WARN_ENUM_CONVERSION = YES;
				CLANG_WARN_INFINITE_RECURSION = YES;
				CLANG_WARN_INT_CONVERSION = YES;
				CLANG_WARN_NON_LITERAL_NULL_CONVERSION = YES;
				CLANG_WARN_OBJC_IMPLICIT_RETAIN_SELF = YES;
				CLANG_WARN_OBJC_LITERAL_CONVERSION = YES;
				CLANG_WARN_OBJC_ROOT_CLASS = YES_ERROR;
				CLANG_WARN_QUOTED_INCLUDE_IN_FRAMEWORK_HEADER = YES;
				CLANG_WARN_RANGE_LOOP_ANALYSIS = YES;
				CLANG_WARN_STRICT_PROTOTYPES = YES;
				CLANG_WARN_SUSPICIOUS_MOVE = YES;
				CLANG_WARN_UNGUARDED_AVAILABILITY = YES_AGGRESSIVE;
				CLANG_WARN_UNREACHABLE_CODE = YES;
				CLANG_WARN__DUPLICATE_METHOD_MATCH = YES;
				COPY_PHASE_STRIP = NO;
				DEBUG_INFORMATION_FORMAT = dwarf;
				ENABLE_STRICT_OBJC_MSGSEND = YES;
				ENABLE_TESTABILITY = YES;
				ENABLE_USER_SCRIPT_SANDBOXING = YES;
				GCC_C_LANGUAGE_STANDARD = gnu17;
				GCC_DYNAMIC_NO_PIC = NO;
				GCC_NO_COMMON_BLOCKS = YES;
				GCC_OPTIMIZATION_LEVEL = 0;
				GCC_PREPROCESSOR_DEFINITIONS = (
					"DEBUG=1",
					"$(inherited)",
				);
				GCC_WARN_64_TO_32_BIT_CONVERSION = YES;
				GCC_WARN_ABOUT_RETURN_TYPE = YES_ERROR;
				GCC_WARN_UNDECLARED_SELECTOR = YES;
				GCC_WARN_UNINITIALIZED_AUTOS = YES_AGGRESSIVE;
				GCC_WARN_UNUSED_FUNCTION = YES;
				GCC_WARN_UNUSED_VARIABLE = YES;
				IPHONEOS_DEPLOYMENT_TARGET = 17.4;
				LOCALIZATION_PREFERS_STRING_CATALOGS = YES;
				MTL_ENABLE_DEBUG_INFO = INCLUDE_SOURCE;
				MTL_FAST_MATH = YES;
				ONLY_ACTIVE_ARCH = YES;
				SDKROOT = iphoneos;
				SWIFT_ACTIVE_COMPILATION_CONDITIONS = "DEBUG $(inherited)";
				SWIFT_OPTIMIZATION_LEVEL = "-Onone";
			};
			name = Debug;
		};
		BA6F10C12BBB1BA600E03AEF /* Release */ = {
			isa = XCBuildConfiguration;
			buildSettings = {
				ALWAYS_SEARCH_USER_PATHS = NO;
				ASSETCATALOG_COMPILER_GENERATE_SWIFT_ASSET_SYMBOL_EXTENSIONS = YES;
				CLANG_ANALYZER_NONNULL = YES;
				CLANG_ANALYZER_NUMBER_OBJECT_CONVERSION = YES_AGGRESSIVE;
				CLANG_CXX_LANGUAGE_STANDARD = "gnu++20";
				CLANG_ENABLE_MODULES = YES;
				CLANG_ENABLE_OBJC_ARC = YES;
				CLANG_ENABLE_OBJC_WEAK = YES;
				CLANG_WARN_BLOCK_CAPTURE_AUTORELEASING = YES;
				CLANG_WARN_BOOL_CONVERSION = YES;
				CLANG_WARN_COMMA = YES;
				CLANG_WARN_CONSTANT_CONVERSION = YES;
				CLANG_WARN_DEPRECATED_OBJC_IMPLEMENTATIONS = YES;
				CLANG_WARN_DIRECT_OBJC_ISA_USAGE = YES_ERROR;
				CLANG_WARN_DOCUMENTATION_COMMENTS = YES;
				CLANG_WARN_EMPTY_BODY = YES;
				CLANG_WARN_ENUM_CONVERSION = YES;
				CLANG_WARN_INFINITE_RECURSION = YES;
				CLANG_WARN_INT_CONVERSION = YES;
				CLANG_WARN_NON_LITERAL_NULL_CONVERSION = YES;
				CLANG_WARN_OBJC_IMPLICIT_RETAIN_SELF = YES;
				CLANG_WARN_OBJC_LITERAL_CONVERSION = YES;
				CLANG_WARN_OBJC_ROOT_CLASS = YES_ERROR;
				CLANG_WARN_QUOTED_INCLUDE_IN_FRAMEWORK_HEADER = YES;
				CLANG_WARN_RANGE_LOOP_ANALYSIS = YES;
				CLANG_WARN_STRICT_PROTOTYPES = YES;
				CLANG_WARN_SUSPICIOUS_MOVE = YES;
				CLANG_WARN_UNGUARDED_AVAILABILITY = YES_AGGRESSIVE;
				CLANG_WARN_UNREACHABLE_CODE = YES;
				CLANG_WARN__DUPLICATE_METHOD_MATCH = YES;
				COPY_PHASE_STRIP = NO;
				DEBUG_INFORMATION_FORMAT = "dwarf-with-dsym";
				ENABLE_NS_ASSERTIONS = NO;
				ENABLE_STRICT_OBJC_MSGSEND = YES;
				ENABLE_USER_SCRIPT_SANDBOXING = YES;
				GCC_C_LANGUAGE_STANDARD = gnu17;
				GCC_NO_COMMON_BLOCKS = YES;
				GCC_WARN_64_TO_32_BIT_CONVERSION = YES;
				GCC_WARN_ABOUT_RETURN_TYPE = YES_ERROR;
				GCC_WARN_UNDECLARED_SELECTOR = YES;
				GCC_WARN_UNINITIALIZED_AUTOS = YES_AGGRESSIVE;
				GCC_WARN_UNUSED_FUNCTION = YES;
				GCC_WARN_UNUSED_VARIABLE = YES;
				IPHONEOS_DEPLOYMENT_TARGET = 17.4;
				LOCALIZATION_PREFERS_STRING_CATALOGS = YES;
				MTL_ENABLE_DEBUG_INFO = NO;
				MTL_FAST_MATH = YES;
				SDKROOT = iphoneos;
				SWIFT_COMPILATION_MODE = wholemodule;
				VALIDATE_PRODUCT = YES;
			};
			name = Release;
		};
		BA6F10C32BBB1BA600E03AEF /* Debug */ = {
			isa = XCBuildConfiguration;
			buildSettings = {
				ASSETCATALOG_COMPILER_APPICON_NAME = AppIcon;
				ASSETCATALOG_COMPILER_GLOBAL_ACCENT_COLOR_NAME = AccentColor;
				CODE_SIGN_STYLE = Automatic;
				CURRENT_PROJECT_VERSION = 1;
				DEVELOPMENT_TEAM = 9RPMZW3N88;
				GENERATE_INFOPLIST_FILE = YES;
				INFOPLIST_FILE = TipCalculator/Info.plist;
				INFOPLIST_KEY_UIApplicationSupportsIndirectInputEvents = YES;
				INFOPLIST_KEY_UILaunchStoryboardName = LaunchScreen;
				INFOPLIST_KEY_UISupportedInterfaceOrientations_iPad = "UIInterfaceOrientationPortrait UIInterfaceOrientationPortraitUpsideDown UIInterfaceOrientationLandscapeLeft UIInterfaceOrientationLandscapeRight";
				INFOPLIST_KEY_UISupportedInterfaceOrientations_iPhone = "UIInterfaceOrientationPortrait UIInterfaceOrientationLandscapeLeft UIInterfaceOrientationLandscapeRight";
				LD_RUNPATH_SEARCH_PATHS = (
					"$(inherited)",
					"@executable_path/Frameworks",
				);
				MARKETING_VERSION = 1.0;
				PRODUCT_BUNDLE_IDENTIFIER = com.swiftui.app.TipCalculator;
				PRODUCT_NAME = "$(TARGET_NAME)";
				SWIFT_EMIT_LOC_STRINGS = YES;
				SWIFT_VERSION = 5.0;
				TARGETED_DEVICE_FAMILY = "1,2";
			};
			name = Debug;
		};
		BA6F10C42BBB1BA600E03AEF /* Release */ = {
			isa = XCBuildConfiguration;
			buildSettings = {
				ASSETCATALOG_COMPILER_APPICON_NAME = AppIcon;
				ASSETCATALOG_COMPILER_GLOBAL_ACCENT_COLOR_NAME = AccentColor;
				CODE_SIGN_STYLE = Automatic;
				CURRENT_PROJECT_VERSION = 1;
				DEVELOPMENT_TEAM = 9RPMZW3N88;
				GENERATE_INFOPLIST_FILE = YES;
				INFOPLIST_FILE = TipCalculator/Info.plist;
				INFOPLIST_KEY_UIApplicationSupportsIndirectInputEvents = YES;
				INFOPLIST_KEY_UILaunchStoryboardName = LaunchScreen;
				INFOPLIST_KEY_UISupportedInterfaceOrientations_iPad = "UIInterfaceOrientationPortrait UIInterfaceOrientationPortraitUpsideDown UIInterfaceOrientationLandscapeLeft UIInterfaceOrientationLandscapeRight";
				INFOPLIST_KEY_UISupportedInterfaceOrientations_iPhone = "UIInterfaceOrientationPortrait UIInterfaceOrientationLandscapeLeft UIInterfaceOrientationLandscapeRight";
				LD_RUNPATH_SEARCH_PATHS = (
					"$(inherited)",
					"@executable_path/Frameworks",
				);
				MARKETING_VERSION = 1.0;
				PRODUCT_BUNDLE_IDENTIFIER = com.swiftui.app.TipCalculator;
				PRODUCT_NAME = "$(TARGET_NAME)";
				SWIFT_EMIT_LOC_STRINGS = YES;
				SWIFT_VERSION = 5.0;
				TARGETED_DEVICE_FAMILY = "1,2";
			};
			name = Release;
		};
		BA6F10C62BBB1BA600E03AEF /* Debug */ = {
			isa = XCBuildConfiguration;
			buildSettings = {
				ALWAYS_EMBED_SWIFT_STANDARD_LIBRARIES = YES;
				BUNDLE_LOADER = "$(TEST_HOST)";
				CODE_SIGN_STYLE = Automatic;
				CURRENT_PROJECT_VERSION = 1;
				DEVELOPMENT_TEAM = 9RPMZW3N88;
				GENERATE_INFOPLIST_FILE = YES;
				IPHONEOS_DEPLOYMENT_TARGET = 17.4;
				MARKETING_VERSION = 1.0;
				PRODUCT_BUNDLE_IDENTIFIER = com.swiftui.app.TipCalculatorTests;
				PRODUCT_NAME = "$(TARGET_NAME)";
				SWIFT_EMIT_LOC_STRINGS = NO;
				SWIFT_VERSION = 5.0;
				TARGETED_DEVICE_FAMILY = "1,2";
				TEST_HOST = "$(BUILT_PRODUCTS_DIR)/TipCalculator.app/$(BUNDLE_EXECUTABLE_FOLDER_PATH)/TipCalculator";
			};
			name = Debug;
		};
		BA6F10C72BBB1BA600E03AEF /* Release */ = {
			isa = XCBuildConfiguration;
			buildSettings = {
				ALWAYS_EMBED_SWIFT_STANDARD_LIBRARIES = YES;
				BUNDLE_LOADER = "$(TEST_HOST)";
				CODE_SIGN_STYLE = Automatic;
				CURRENT_PROJECT_VERSION = 1;
				DEVELOPMENT_TEAM = 9RPMZW3N88;
				GENERATE_INFOPLIST_FILE = YES;
				IPHONEOS_DEPLOYMENT_TARGET = 17.4;
				MARKETING_VERSION = 1.0;
				PRODUCT_BUNDLE_IDENTIFIER = com.swiftui.app.TipCalculatorTests;
				PRODUCT_NAME = "$(TARGET_NAME)";
				SWIFT_EMIT_LOC_STRINGS = NO;
				SWIFT_VERSION = 5.0;
				TARGETED_DEVICE_FAMILY = "1,2";
				TEST_HOST = "$(BUILT_PRODUCTS_DIR)/TipCalculator.app/$(BUNDLE_EXECUTABLE_FOLDER_PATH)/TipCalculator";
			};
			name = Release;
		};
		BA6F10C92BBB1BA600E03AEF /* Debug */ = {
			isa = XCBuildConfiguration;
			buildSettings = {
				ALWAYS_EMBED_SWIFT_STANDARD_LIBRARIES = YES;
				CODE_SIGN_STYLE = Automatic;
				CURRENT_PROJECT_VERSION = 1;
				DEVELOPMENT_TEAM = 9RPMZW3N88;
				GENERATE_INFOPLIST_FILE = YES;
				MARKETING_VERSION = 1.0;
				PRODUCT_BUNDLE_IDENTIFIER = com.swiftui.app.TipCalculatorUITests;
				PRODUCT_NAME = "$(TARGET_NAME)";
				SWIFT_EMIT_LOC_STRINGS = NO;
				SWIFT_VERSION = 5.0;
				TARGETED_DEVICE_FAMILY = "1,2";
				TEST_TARGET_NAME = TipCalculator;
			};
			name = Debug;
		};
		BA6F10CA2BBB1BA600E03AEF /* Release */ = {
			isa = XCBuildConfiguration;
			buildSettings = {
				ALWAYS_EMBED_SWIFT_STANDARD_LIBRARIES = YES;
				CODE_SIGN_STYLE = Automatic;
				CURRENT_PROJECT_VERSION = 1;
				DEVELOPMENT_TEAM = 9RPMZW3N88;
				GENERATE_INFOPLIST_FILE = YES;
				MARKETING_VERSION = 1.0;
				PRODUCT_BUNDLE_IDENTIFIER = com.swiftui.app.TipCalculatorUITests;
				PRODUCT_NAME = "$(TARGET_NAME)";
				SWIFT_EMIT_LOC_STRINGS = NO;
				SWIFT_VERSION = 5.0;
				TARGETED_DEVICE_FAMILY = "1,2";
				TEST_TARGET_NAME = TipCalculator;
			};
			name = Release;
		};
/* End XCBuildConfiguration section */

/* Begin XCConfigurationList section */
		BA6F10932BBB1BA400E03AEF /* Build configuration list for PBXProject "TipCalculator" */ = {
			isa = XCConfigurationList;
			buildConfigurations = (
				BA6F10C02BBB1BA600E03AEF /* Debug */,
				BA6F10C12BBB1BA600E03AEF /* Release */,
			);
			defaultConfigurationIsVisible = 0;
			defaultConfigurationName = Release;
		};
		BA6F10C22BBB1BA600E03AEF /* Build configuration list for PBXNativeTarget "TipCalculator" */ = {
			isa = XCConfigurationList;
			buildConfigurations = (
				BA6F10C32BBB1BA600E03AEF /* Debug */,
				BA6F10C42BBB1BA600E03AEF /* Release */,
			);
			defaultConfigurationIsVisible = 0;
			defaultConfigurationName = Release;
		};
		BA6F10C52BBB1BA600E03AEF /* Build configuration list for PBXNativeTarget "TipCalculatorTests" */ = {
			isa = XCConfigurationList;
			buildConfigurations = (
				BA6F10C62BBB1BA600E03AEF /* Debug */,
				BA6F10C72BBB1BA600E03AEF /* Release */,
			);
			defaultConfigurationIsVisible = 0;
			defaultConfigurationName = Release;
		};
		BA6F10C82BBB1BA600E03AEF /* Build configuration list for PBXNativeTarget "TipCalculatorUITests" */ = {
			isa = XCConfigurationList;
			buildConfigurations = (
				BA6F10C92BBB1BA600E03AEF /* Debug */,
				BA6F10CA2BBB1BA600E03AEF /* Release */,
			);
			defaultConfigurationIsVisible = 0;
			defaultConfigurationName = Release;
		};
/* End XCConfigurationList section */

/* Begin XCRemoteSwiftPackageReference section */
		BA6F10CB2BBB1D8800E03AEF /* XCRemoteSwiftPackageReference "CombineCocoa" */ = {
			isa = XCRemoteSwiftPackageReference;
			repositoryURL = "https://github.com/CombineCommunity/CombineCocoa.git";
			requirement = {
				kind = upToNextMinorVersion;
				minimumVersion = 0.4.1;
			};
		};
		BA6F10CE2BBB1E4800E03AEF /* XCRemoteSwiftPackageReference "SnapKit" */ = {
			isa = XCRemoteSwiftPackageReference;
			repositoryURL = "https://github.com/SnapKit/SnapKit.git";
			requirement = {
				kind = upToNextMinorVersion;
				minimumVersion = 5.7.1;
			};
		};
		BA6F10D42BBB1F2900E03AEF /* XCRemoteSwiftPackageReference "swift-snapshot-testing" */ = {
			isa = XCRemoteSwiftPackageReference;
			repositoryURL = "https://github.com/pointfreeco/swift-snapshot-testing";
			requirement = {
				kind = upToNextMinorVersion;
				minimumVersion = 1.15.4;
			};
		};
/* End XCRemoteSwiftPackageReference section */

/* Begin XCSwiftPackageProductDependency section */
		BA6F10CC2BBB1D8800E03AEF /* CombineCocoa */ = {
			isa = XCSwiftPackageProductDependency;
			package = BA6F10CB2BBB1D8800E03AEF /* XCRemoteSwiftPackageReference "CombineCocoa" */;
			productName = CombineCocoa;
		};
		BA6F10CF2BBB1E4800E03AEF /* SnapKit */ = {
			isa = XCSwiftPackageProductDependency;
			package = BA6F10CE2BBB1E4800E03AEF /* XCRemoteSwiftPackageReference "SnapKit" */;
			productName = SnapKit;
		};
		BA6F10D22BBB1E9300E03AEF /* CombineCocoa */ = {
			isa = XCSwiftPackageProductDependency;
			package = BA6F10CB2BBB1D8800E03AEF /* XCRemoteSwiftPackageReference "CombineCocoa" */;
			productName = CombineCocoa;
		};
		BA6F10D52BBB1F2900E03AEF /* SnapshotTesting */ = {
			isa = XCSwiftPackageProductDependency;
			package = BA6F10D42BBB1F2900E03AEF /* XCRemoteSwiftPackageReference "swift-snapshot-testing" */;
			productName = SnapshotTesting;
		};
		BA6F10D72BBB1F4800E03AEF /* CombineCocoa */ = {
			isa = XCSwiftPackageProductDependency;
			package = BA6F10CB2BBB1D8800E03AEF /* XCRemoteSwiftPackageReference "CombineCocoa" */;
			productName = CombineCocoa;
		};
/* End XCSwiftPackageProductDependency section */
	};
	rootObject = BA6F10902BBB1BA400E03AEF /* Project object */;
}
